// !$*UTF8*$!
{
	archiveVersion = 1;
	classes = {
	};
	objectVersion = 46;
	objects = {

/* Begin PBXBuildFile section */
		0547D95692BC558C363D06AA /* Pods_MAN_Tutors_iOS.framework in Frameworks */ = {isa = PBXBuildFile; fileRef = 474B715E78D0C1848F77AF60 /* Pods_MAN_Tutors_iOS.framework */; };
		8D0802911F5C02B800CC63C9 /* postClass.swift in Sources */ = {isa = PBXBuildFile; fileRef = 8D0802901F5C02B800CC63C9 /* postClass.swift */; };
		8D0802931F5C0E5E00CC63C9 /* PostTableViewCell.swift in Sources */ = {isa = PBXBuildFile; fileRef = 8D0802921F5C0E5E00CC63C9 /* PostTableViewCell.swift */; };
		8D1BA0D21FE83F61008F1174 /* InfoTableViewCell.swift in Sources */ = {isa = PBXBuildFile; fileRef = 8D1BA0D11FE83F61008F1174 /* InfoTableViewCell.swift */; };
		8D32E5AB1F5C69CC00D22979 /* UserTableViewCell.swift in Sources */ = {isa = PBXBuildFile; fileRef = 8D32E5AA1F5C69CC00D22979 /* UserTableViewCell.swift */; };
		8D4A743D1F5ADA34008A5C20 /* FeedViewController.swift in Sources */ = {isa = PBXBuildFile; fileRef = 8D4A743C1F5ADA34008A5C20 /* FeedViewController.swift */; };
		8D4A74421F5ADA34008A5C20 /* Main.storyboard in Resources */ = {isa = PBXBuildFile; fileRef = 8D4A74401F5ADA34008A5C20 /* Main.storyboard */; };
		8D4A74441F5ADA34008A5C20 /* Assets.xcassets in Resources */ = {isa = PBXBuildFile; fileRef = 8D4A74431F5ADA34008A5C20 /* Assets.xcassets */; };
		8D4A74471F5ADA34008A5C20 /* LaunchScreen.storyboard in Resources */ = {isa = PBXBuildFile; fileRef = 8D4A74451F5ADA34008A5C20 /* LaunchScreen.storyboard */; };
		8D5E844F200680D600C13837 /* AppDelegate.swift in Sources */ = {isa = PBXBuildFile; fileRef = 8D5E844E200680D600C13837 /* AppDelegate.swift */; };
		8D67D6A82007CF2E005585E5 /* GoogleService-Info.plist in Resources */ = {isa = PBXBuildFile; fileRef = 8D67D6A72007CF2E005585E5 /* GoogleService-Info.plist */; };
		8D684BAC20067981003E192B /* MessageService.swift in Sources */ = {isa = PBXBuildFile; fileRef = 8D684BAB20067981003E192B /* MessageService.swift */; };
		8D6C66471F5B44EA003A8BF0 /* UserViewController.swift in Sources */ = {isa = PBXBuildFile; fileRef = 8D6C66461F5B44EA003A8BF0 /* UserViewController.swift */; };
		8D6C66491F5B5011003A8BF0 /* PostTextView.swift in Sources */ = {isa = PBXBuildFile; fileRef = 8D6C66481F5B5011003A8BF0 /* PostTextView.swift */; };
		8D6C664B1F5B522F003A8BF0 /* CreateViewController.swift in Sources */ = {isa = PBXBuildFile; fileRef = 8D6C664A1F5B522F003A8BF0 /* CreateViewController.swift */; };
		8D94CE5C1FE82B9300B7B526 /* InfoViewController.swift in Sources */ = {isa = PBXBuildFile; fileRef = 8D94CE5B1FE82B9300B7B526 /* InfoViewController.swift */; };
		8DAF62461F5AEED00021338C /* AuthViewController.swift in Sources */ = {isa = PBXBuildFile; fileRef = 8DAF62451F5AEED00021338C /* AuthViewController.swift */; };
		8DAF62481F5AEF2A0021338C /* LoginViewController.swift in Sources */ = {isa = PBXBuildFile; fileRef = 8DAF62471F5AEF2A0021338C /* LoginViewController.swift */; };
		8DAF624A1F5AEF6B0021338C /* CutomTextfield.swift in Sources */ = {isa = PBXBuildFile; fileRef = 8DAF62491F5AEF6B0021338C /* CutomTextfield.swift */; };
		8DAF624C1F5AF4140021338C /* ViewShadow.swift in Sources */ = {isa = PBXBuildFile; fileRef = 8DAF624B1F5AF4140021338C /* ViewShadow.swift */; };
		8DAF624E1F5AF7440021338C /* AuthService.swift in Sources */ = {isa = PBXBuildFile; fileRef = 8DAF624D1F5AF7440021338C /* AuthService.swift */; };
		8DBBF1BB1F65599000535C88 /* groupClass.swift in Sources */ = {isa = PBXBuildFile; fileRef = 8DBBF1BA1F65599000535C88 /* groupClass.swift */; };
		8DC84D91200D2B220041A8FA /* PixelOperator-Bold.ttf in Resources */ = {isa = PBXBuildFile; fileRef = 8DC84D8F200D2B210041A8FA /* PixelOperator-Bold.ttf */; };
		8DC84D92200D2B220041A8FA /* BebasNeue.otf in Resources */ = {isa = PBXBuildFile; fileRef = 8DC84D90200D2B220041A8FA /* BebasNeue.otf */; };
		8DF5C0091F5ADDF300FA836F /* DataService.swift in Sources */ = {isa = PBXBuildFile; fileRef = 8DF5C0081F5ADDF300FA836F /* DataService.swift */; };
/* End PBXBuildFile section */

/* Begin PBXFileReference section */
		474B715E78D0C1848F77AF60 /* Pods_MAN_Tutors_iOS.framework */ = {isa = PBXFileReference; explicitFileType = wrapper.framework; includeInIndex = 0; path = Pods_MAN_Tutors_iOS.framework; sourceTree = BUILT_PRODUCTS_DIR; };
		5541D9017CF12A90316059D6 /* Pods-MAN_Tutors_iOS.release.xcconfig */ = {isa = PBXFileReference; includeInIndex = 1; lastKnownFileType = text.xcconfig; name = "Pods-MAN_Tutors_iOS.release.xcconfig"; path = "Pods/Target Support Files/Pods-MAN_Tutors_iOS/Pods-MAN_Tutors_iOS.release.xcconfig"; sourceTree = "<group>"; };
		8D0802901F5C02B800CC63C9 /* postClass.swift */ = {isa = PBXFileReference; fileEncoding = 4; lastKnownFileType = sourcecode.swift; path = postClass.swift; sourceTree = "<group>"; };
		8D0802921F5C0E5E00CC63C9 /* PostTableViewCell.swift */ = {isa = PBXFileReference; fileEncoding = 4; lastKnownFileType = sourcecode.swift; path = PostTableViewCell.swift; sourceTree = "<group>"; };
		8D1BA0D11FE83F61008F1174 /* InfoTableViewCell.swift */ = {isa = PBXFileReference; lastKnownFileType = sourcecode.swift; path = InfoTableViewCell.swift; sourceTree = "<group>"; };
		8D32E5AA1F5C69CC00D22979 /* UserTableViewCell.swift */ = {isa = PBXFileReference; fileEncoding = 4; lastKnownFileType = sourcecode.swift; path = UserTableViewCell.swift; sourceTree = "<group>"; };
		8D4A74371F5ADA34008A5C20 /* MAN_Tutors_iOS.app */ = {isa = PBXFileReference; explicitFileType = wrapper.application; includeInIndex = 0; path = MAN_Tutors_iOS.app; sourceTree = BUILT_PRODUCTS_DIR; };
		8D4A743C1F5ADA34008A5C20 /* FeedViewController.swift */ = {isa = PBXFileReference; lastKnownFileType = sourcecode.swift; path = FeedViewController.swift; sourceTree = "<group>"; };
		8D4A74411F5ADA34008A5C20 /* Base */ = {isa = PBXFileReference; lastKnownFileType = file.storyboard; name = Base; path = Base.lproj/Main.storyboard; sourceTree = "<group>"; };
		8D4A74431F5ADA34008A5C20 /* Assets.xcassets */ = {isa = PBXFileReference; lastKnownFileType = folder.assetcatalog; path = Assets.xcassets; sourceTree = "<group>"; };
		8D4A74461F5ADA34008A5C20 /* Base */ = {isa = PBXFileReference; lastKnownFileType = file.storyboard; name = Base; path = Base.lproj/LaunchScreen.storyboard; sourceTree = "<group>"; };
		8D4A74481F5ADA34008A5C20 /* Info.plist */ = {isa = PBXFileReference; lastKnownFileType = text.plist.xml; path = Info.plist; sourceTree = "<group>"; };
		8D5E844E200680D600C13837 /* AppDelegate.swift */ = {isa = PBXFileReference; fileEncoding = 4; lastKnownFileType = sourcecode.swift; path = AppDelegate.swift; sourceTree = "<group>"; };
		8D67D6A72007CF2E005585E5 /* GoogleService-Info.plist */ = {isa = PBXFileReference; fileEncoding = 4; lastKnownFileType = text.plist.xml; path = "GoogleService-Info.plist"; sourceTree = "<group>"; };
		8D684BAB20067981003E192B /* MessageService.swift */ = {isa = PBXFileReference; lastKnownFileType = sourcecode.swift; path = MessageService.swift; sourceTree = "<group>"; };
		8D6C66461F5B44EA003A8BF0 /* UserViewController.swift */ = {isa = PBXFileReference; fileEncoding = 4; lastKnownFileType = sourcecode.swift; path = UserViewController.swift; sourceTree = "<group>"; };
		8D6C66481F5B5011003A8BF0 /* PostTextView.swift */ = {isa = PBXFileReference; fileEncoding = 4; lastKnownFileType = sourcecode.swift; path = PostTextView.swift; sourceTree = "<group>"; };
		8D6C664A1F5B522F003A8BF0 /* CreateViewController.swift */ = {isa = PBXFileReference; fileEncoding = 4; lastKnownFileType = sourcecode.swift; path = CreateViewController.swift; sourceTree = "<group>"; };
		8D8CEFC41FDEB13B00E205A2 /* MAN_Tutors_iOS.entitlements */ = {isa = PBXFileReference; lastKnownFileType = text.plist.entitlements; path = MAN_Tutors_iOS.entitlements; sourceTree = "<group>"; };
		8D94CE5B1FE82B9300B7B526 /* InfoViewController.swift */ = {isa = PBXFileReference; lastKnownFileType = sourcecode.swift; path = InfoViewController.swift; sourceTree = "<group>"; };
		8DAF62451F5AEED00021338C /* AuthViewController.swift */ = {isa = PBXFileReference; fileEncoding = 4; lastKnownFileType = sourcecode.swift; path = AuthViewController.swift; sourceTree = "<group>"; };
		8DAF62471F5AEF2A0021338C /* LoginViewController.swift */ = {isa = PBXFileReference; fileEncoding = 4; lastKnownFileType = sourcecode.swift; path = LoginViewController.swift; sourceTree = "<group>"; };
		8DAF62491F5AEF6B0021338C /* CutomTextfield.swift */ = {isa = PBXFileReference; fileEncoding = 4; lastKnownFileType = sourcecode.swift; path = CutomTextfield.swift; sourceTree = "<group>"; };
		8DAF624B1F5AF4140021338C /* ViewShadow.swift */ = {isa = PBXFileReference; fileEncoding = 4; lastKnownFileType = sourcecode.swift; path = ViewShadow.swift; sourceTree = "<group>"; };
		8DAF624D1F5AF7440021338C /* AuthService.swift */ = {isa = PBXFileReference; fileEncoding = 4; lastKnownFileType = sourcecode.swift; path = AuthService.swift; sourceTree = "<group>"; };
		8DBBF1BA1F65599000535C88 /* groupClass.swift */ = {isa = PBXFileReference; fileEncoding = 4; lastKnownFileType = sourcecode.swift; path = groupClass.swift; sourceTree = "<group>"; };
		8DC84D8F200D2B210041A8FA /* PixelOperator-Bold.ttf */ = {isa = PBXFileReference; lastKnownFileType = file; name = "PixelOperator-Bold.ttf"; path = "../../../../../../../Downloads/TUTOR_MMD_2017_Folder/Document fonts/PixelOperator-Bold.ttf"; sourceTree = "<group>"; };
		8DC84D90200D2B220041A8FA /* BebasNeue.otf */ = {isa = PBXFileReference; lastKnownFileType = file; name = BebasNeue.otf; path = "../../../../../../../Downloads/TUTOR_MMD_2017_Folder/Document fonts/BebasNeue.otf"; sourceTree = "<group>"; };
		8DF5C0081F5ADDF300FA836F /* DataService.swift */ = {isa = PBXFileReference; lastKnownFileType = sourcecode.swift; path = DataService.swift; sourceTree = "<group>"; };
		DEF4D35464576DDFDB3E3E60 /* Pods-MAN_Tutors_iOS.debug.xcconfig */ = {isa = PBXFileReference; includeInIndex = 1; lastKnownFileType = text.xcconfig; name = "Pods-MAN_Tutors_iOS.debug.xcconfig"; path = "Pods/Target Support Files/Pods-MAN_Tutors_iOS/Pods-MAN_Tutors_iOS.debug.xcconfig"; sourceTree = "<group>"; };
/* End PBXFileReference section */

/* Begin PBXFrameworksBuildPhase section */
		8D4A74341F5ADA34008A5C20 /* Frameworks */ = {
			isa = PBXFrameworksBuildPhase;
			buildActionMask = 2147483647;
			files = (
				0547D95692BC558C363D06AA /* Pods_MAN_Tutors_iOS.framework in Frameworks */,
			);
			runOnlyForDeploymentPostprocessing = 0;
		};
/* End PBXFrameworksBuildPhase section */

/* Begin PBXGroup section */
		5EB8EBCECDFFF033F307299A /* Frameworks */ = {
			isa = PBXGroup;
			children = (
				474B715E78D0C1848F77AF60 /* Pods_MAN_Tutors_iOS.framework */,
			);
			name = Frameworks;
			sourceTree = "<group>";
		};
		6B3BF2045E76256D0BAB5FA4 /* Pods */ = {
			isa = PBXGroup;
			children = (
				DEF4D35464576DDFDB3E3E60 /* Pods-MAN_Tutors_iOS.debug.xcconfig */,
				5541D9017CF12A90316059D6 /* Pods-MAN_Tutors_iOS.release.xcconfig */,
			);
			name = Pods;
			sourceTree = "<group>";
		};
		8D4A742E1F5ADA34008A5C20 = {
			isa = PBXGroup;
			children = (
				8D4A74391F5ADA34008A5C20 /* MAN_Tutors_iOS */,
				8D4A74381F5ADA34008A5C20 /* Products */,
				6B3BF2045E76256D0BAB5FA4 /* Pods */,
				5EB8EBCECDFFF033F307299A /* Frameworks */,
			);
			sourceTree = "<group>";
		};
		8D4A74381F5ADA34008A5C20 /* Products */ = {
			isa = PBXGroup;
			children = (
				8D4A74371F5ADA34008A5C20 /* MAN_Tutors_iOS.app */,
			);
			name = Products;
			sourceTree = "<group>";
		};
		8D4A74391F5ADA34008A5C20 /* MAN_Tutors_iOS */ = {
			isa = PBXGroup;
			children = (
				8DC84D90200D2B220041A8FA /* BebasNeue.otf */,
				8DC84D8F200D2B210041A8FA /* PixelOperator-Bold.ttf */,
				8D67D6A72007CF2E005585E5 /* GoogleService-Info.plist */,
				8D4A74481F5ADA34008A5C20 /* Info.plist */,
				8D8CEFC41FDEB13B00E205A2 /* MAN_Tutors_iOS.entitlements */,
				8D5E844E200680D600C13837 /* AppDelegate.swift */,
				8D4A74401F5ADA34008A5C20 /* Main.storyboard */,
				8D4A74451F5ADA34008A5C20 /* LaunchScreen.storyboard */,
				8D4A74511F5ADAE5008A5C20 /* Services */,
				8D4A74501F5ADAA9008A5C20 /* Model */,
				8D4A744F1F5ADAA1008A5C20 /* View */,
				8D4A744E1F5ADA88008A5C20 /* Controller */,
				8D4A74431F5ADA34008A5C20 /* Assets.xcassets */,
			);
			path = MAN_Tutors_iOS;
			sourceTree = "<group>";
		};
		8D4A744E1F5ADA88008A5C20 /* Controller */ = {
			isa = PBXGroup;
			children = (
				8DAF62451F5AEED00021338C /* AuthViewController.swift */,
				8D4A743C1F5ADA34008A5C20 /* FeedViewController.swift */,
				8DAF62471F5AEF2A0021338C /* LoginViewController.swift */,
				8DAF62491F5AEF6B0021338C /* CutomTextfield.swift */,
				8D6C66461F5B44EA003A8BF0 /* UserViewController.swift */,
				8D6C664A1F5B522F003A8BF0 /* CreateViewController.swift */,
				8D94CE5B1FE82B9300B7B526 /* InfoViewController.swift */,
			);
			name = Controller;
			sourceTree = "<group>";
		};
		8D4A744F1F5ADAA1008A5C20 /* View */ = {
			isa = PBXGroup;
			children = (
				8D6C66481F5B5011003A8BF0 /* PostTextView.swift */,
				8DAF624B1F5AF4140021338C /* ViewShadow.swift */,
				8D0802921F5C0E5E00CC63C9 /* PostTableViewCell.swift */,
				8D32E5AA1F5C69CC00D22979 /* UserTableViewCell.swift */,
				8D1BA0D11FE83F61008F1174 /* InfoTableViewCell.swift */,
			);
			name = View;
			sourceTree = "<group>";
		};
		8D4A74501F5ADAA9008A5C20 /* Model */ = {
			isa = PBXGroup;
			children = (
				8D0802901F5C02B800CC63C9 /* postClass.swift */,
				8DBBF1BA1F65599000535C88 /* groupClass.swift */,
			);
			name = Model;
			sourceTree = "<group>";
		};
		8D4A74511F5ADAE5008A5C20 /* Services */ = {
			isa = PBXGroup;
			children = (
				8DF5C0081F5ADDF300FA836F /* DataService.swift */,
				8DAF624D1F5AF7440021338C /* AuthService.swift */,
				8D684BAB20067981003E192B /* MessageService.swift */,
			);
			name = Services;
			sourceTree = "<group>";
		};
/* End PBXGroup section */

/* Begin PBXNativeTarget section */
		8D4A74361F5ADA34008A5C20 /* MAN_Tutors_iOS */ = {
			isa = PBXNativeTarget;
			buildConfigurationList = 8D4A744B1F5ADA34008A5C20 /* Build configuration list for PBXNativeTarget "MAN_Tutors_iOS" */;
			buildPhases = (
				FB93E887FC2E8E174A05944B /* [CP] Check Pods Manifest.lock */,
				8D4A74331F5ADA34008A5C20 /* Sources */,
				8D4A74341F5ADA34008A5C20 /* Frameworks */,
				8D4A74351F5ADA34008A5C20 /* Resources */,
				58755C5B8F45A266963F3F33 /* [CP] Embed Pods Frameworks */,
				FB77B322ACB8310665386E33 /* [CP] Copy Pods Resources */,
			);
			buildRules = (
			);
			dependencies = (
			);
			name = MAN_Tutors_iOS;
			productName = MAN_Tutors_iOS;
			productReference = 8D4A74371F5ADA34008A5C20 /* MAN_Tutors_iOS.app */;
			productType = "com.apple.product-type.application";
		};
/* End PBXNativeTarget section */

/* Begin PBXProject section */
		8D4A742F1F5ADA34008A5C20 /* Project object */ = {
			isa = PBXProject;
			attributes = {
				LastSwiftUpdateCheck = 0830;
				LastUpgradeCheck = 0900;
				ORGANIZATIONNAME = "Manuel Thomsen";
				TargetAttributes = {
					8D4A74361F5ADA34008A5C20 = {
						CreatedOnToolsVersion = 8.3.3;
						DevelopmentTeam = 4JLUJ8SU2K;
						LastSwiftMigration = 0900;
						ProvisioningStyle = Automatic;
						SystemCapabilities = {
							com.apple.BackgroundModes = {
								enabled = 1;
							};
							com.apple.Push = {
								enabled = 1;
							};
						};
					};
				};
			};
			buildConfigurationList = 8D4A74321F5ADA34008A5C20 /* Build configuration list for PBXProject "MAN_Tutors_iOS" */;
			compatibilityVersion = "Xcode 3.2";
			developmentRegion = English;
			hasScannedForEncodings = 0;
			knownRegions = (
				en,
				Base,
			);
			mainGroup = 8D4A742E1F5ADA34008A5C20;
			productRefGroup = 8D4A74381F5ADA34008A5C20 /* Products */;
			projectDirPath = "";
			projectRoot = "";
			targets = (
				8D4A74361F5ADA34008A5C20 /* MAN_Tutors_iOS */,
			);
		};
/* End PBXProject section */

/* Begin PBXResourcesBuildPhase section */
		8D4A74351F5ADA34008A5C20 /* Resources */ = {
			isa = PBXResourcesBuildPhase;
			buildActionMask = 2147483647;
			files = (
				8D4A74471F5ADA34008A5C20 /* LaunchScreen.storyboard in Resources */,
				8D67D6A82007CF2E005585E5 /* GoogleService-Info.plist in Resources */,
				8DC84D92200D2B220041A8FA /* BebasNeue.otf in Resources */,
				8D4A74441F5ADA34008A5C20 /* Assets.xcassets in Resources */,
				8D4A74421F5ADA34008A5C20 /* Main.storyboard in Resources */,
				8DC84D91200D2B220041A8FA /* PixelOperator-Bold.ttf in Resources */,
			);
			runOnlyForDeploymentPostprocessing = 0;
		};
/* End PBXResourcesBuildPhase section */

/* Begin PBXShellScriptBuildPhase section */
		58755C5B8F45A266963F3F33 /* [CP] Embed Pods Frameworks */ = {
			isa = PBXShellScriptBuildPhase;
			buildActionMask = 2147483647;
			files = (
			);
			inputPaths = (
				"${SRCROOT}/Pods/Target Support Files/Pods-MAN_Tutors_iOS/Pods-MAN_Tutors_iOS-frameworks.sh",
				"${BUILT_PRODUCTS_DIR}/GTMSessionFetcher/GTMSessionFetcher.framework",
				"${BUILT_PRODUCTS_DIR}/GoogleToolboxForMac/GoogleToolboxForMac.framework",
				"${BUILT_PRODUCTS_DIR}/Protobuf/Protobuf.framework",
				"${BUILT_PRODUCTS_DIR}/leveldb-library/leveldb.framework",
				"${BUILT_PRODUCTS_DIR}/nanopb/nanopb.framework",
			);
			name = "[CP] Embed Pods Frameworks";
			outputPaths = (
				"${TARGET_BUILD_DIR}/${FRAMEWORKS_FOLDER_PATH}/GTMSessionFetcher.framework",
				"${TARGET_BUILD_DIR}/${FRAMEWORKS_FOLDER_PATH}/GoogleToolboxForMac.framework",
				"${TARGET_BUILD_DIR}/${FRAMEWORKS_FOLDER_PATH}/Protobuf.framework",
				"${TARGET_BUILD_DIR}/${FRAMEWORKS_FOLDER_PATH}/leveldb.framework",
				"${TARGET_BUILD_DIR}/${FRAMEWORKS_FOLDER_PATH}/nanopb.framework",
			);
			runOnlyForDeploymentPostprocessing = 0;
			shellPath = /bin/sh;
			shellScript = "\"${SRCROOT}/Pods/Target Support Files/Pods-MAN_Tutors_iOS/Pods-MAN_Tutors_iOS-frameworks.sh\"\n";
			showEnvVarsInLog = 0;
		};
		FB77B322ACB8310665386E33 /* [CP] Copy Pods Resources */ = {
			isa = PBXShellScriptBuildPhase;
			buildActionMask = 2147483647;
			files = (
			);
			inputPaths = (
				"${SRCROOT}/Pods/Target Support Files/Pods-MAN_Tutors_iOS/Pods-MAN_Tutors_iOS-resources.sh",
				"${PODS_ROOT}/GoogleSignIn/Resources/GoogleSignIn.bundle",
			);
			name = "[CP] Copy Pods Resources";
			outputPaths = (
				"${TARGET_BUILD_DIR}/${UNLOCALIZED_RESOURCES_FOLDER_PATH}",
			);
			runOnlyForDeploymentPostprocessing = 0;
			shellPath = /bin/sh;
			shellScript = "\"${SRCROOT}/Pods/Target Support Files/Pods-MAN_Tutors_iOS/Pods-MAN_Tutors_iOS-resources.sh\"\n";
			showEnvVarsInLog = 0;
		};
		FB93E887FC2E8E174A05944B /* [CP] Check Pods Manifest.lock */ = {
			isa = PBXShellScriptBuildPhase;
			buildActionMask = 2147483647;
			files = (
			);
			inputPaths = (
				"${PODS_PODFILE_DIR_PATH}/Podfile.lock",
				"${PODS_ROOT}/Manifest.lock",
			);
			name = "[CP] Check Pods Manifest.lock";
			outputPaths = (
				"$(DERIVED_FILE_DIR)/Pods-MAN_Tutors_iOS-checkManifestLockResult.txt",
			);
			runOnlyForDeploymentPostprocessing = 0;
			shellPath = /bin/sh;
			shellScript = "diff \"${PODS_PODFILE_DIR_PATH}/Podfile.lock\" \"${PODS_ROOT}/Manifest.lock\" > /dev/null\nif [ $? != 0 ] ; then\n    # print error to STDERR\n    echo \"error: The sandbox is not in sync with the Podfile.lock. Run 'pod install' or update your CocoaPods installation.\" >&2\n    exit 1\nfi\n# This output is used by Xcode 'outputs' to avoid re-running this script phase.\necho \"SUCCESS\" > \"${SCRIPT_OUTPUT_FILE_0}\"\n";
			showEnvVarsInLog = 0;
		};
/* End PBXShellScriptBuildPhase section */

/* Begin PBXSourcesBuildPhase section */
		8D4A74331F5ADA34008A5C20 /* Sources */ = {
			isa = PBXSourcesBuildPhase;
			buildActionMask = 2147483647;
			files = (
				8DAF62481F5AEF2A0021338C /* LoginViewController.swift in Sources */,
				8D6C66471F5B44EA003A8BF0 /* UserViewController.swift in Sources */,
				8D0802931F5C0E5E00CC63C9 /* PostTableViewCell.swift in Sources */,
				8D94CE5C1FE82B9300B7B526 /* InfoViewController.swift in Sources */,
				8DBBF1BB1F65599000535C88 /* groupClass.swift in Sources */,
				8D32E5AB1F5C69CC00D22979 /* UserTableViewCell.swift in Sources */,
				8D1BA0D21FE83F61008F1174 /* InfoTableViewCell.swift in Sources */,
				8D0802911F5C02B800CC63C9 /* postClass.swift in Sources */,
				8DAF624E1F5AF7440021338C /* AuthService.swift in Sources */,
				8DAF62461F5AEED00021338C /* AuthViewController.swift in Sources */,
				8DAF624C1F5AF4140021338C /* ViewShadow.swift in Sources */,
				8D6C66491F5B5011003A8BF0 /* PostTextView.swift in Sources */,
				8D684BAC20067981003E192B /* MessageService.swift in Sources */,
				8D6C664B1F5B522F003A8BF0 /* CreateViewController.swift in Sources */,
				8DAF624A1F5AEF6B0021338C /* CutomTextfield.swift in Sources */,
				8D5E844F200680D600C13837 /* AppDelegate.swift in Sources */,
				8D4A743D1F5ADA34008A5C20 /* FeedViewController.swift in Sources */,
				8DF5C0091F5ADDF300FA836F /* DataService.swift in Sources */,
			);
			runOnlyForDeploymentPostprocessing = 0;
		};
/* End PBXSourcesBuildPhase section */

/* Begin PBXVariantGroup section */
		8D4A74401F5ADA34008A5C20 /* Main.storyboard */ = {
			isa = PBXVariantGroup;
			children = (
				8D4A74411F5ADA34008A5C20 /* Base */,
			);
			name = Main.storyboard;
			sourceTree = "<group>";
		};
		8D4A74451F5ADA34008A5C20 /* LaunchScreen.storyboard */ = {
			isa = PBXVariantGroup;
			children = (
				8D4A74461F5ADA34008A5C20 /* Base */,
			);
			name = LaunchScreen.storyboard;
			sourceTree = "<group>";
		};
/* End PBXVariantGroup section */

/* Begin XCBuildConfiguration section */
		8D4A74491F5ADA34008A5C20 /* Debug */ = {
			isa = XCBuildConfiguration;
			buildSettings = {
				ALWAYS_SEARCH_USER_PATHS = NO;
				CLANG_ANALYZER_NONNULL = YES;
				CLANG_ANALYZER_NUMBER_OBJECT_CONVERSION = YES_AGGRESSIVE;
				CLANG_CXX_LANGUAGE_STANDARD = "gnu++0x";
				CLANG_CXX_LIBRARY = "libc++";
				CLANG_ENABLE_MODULES = YES;
				CLANG_ENABLE_OBJC_ARC = YES;
				CLANG_WARN_BLOCK_CAPTURE_AUTORELEASING = YES;
				CLANG_WARN_BOOL_CONVERSION = YES;
				CLANG_WARN_COMMA = YES;
				CLANG_WARN_CONSTANT_CONVERSION = YES;
				CLANG_WARN_DIRECT_OBJC_ISA_USAGE = YES_ERROR;
				CLANG_WARN_DOCUMENTATION_COMMENTS = YES;
				CLANG_WARN_EMPTY_BODY = YES;
				CLANG_WARN_ENUM_CONVERSION = YES;
				CLANG_WARN_INFINITE_RECURSION = YES;
				CLANG_WARN_INT_CONVERSION = YES;
				CLANG_WARN_NON_LITERAL_NULL_CONVERSION = YES;
				CLANG_WARN_OBJC_LITERAL_CONVERSION = YES;
				CLANG_WARN_OBJC_ROOT_CLASS = YES_ERROR;
				CLANG_WARN_RANGE_LOOP_ANALYSIS = YES;
				CLANG_WARN_STRICT_PROTOTYPES = YES;
				CLANG_WARN_SUSPICIOUS_MOVE = YES;
				CLANG_WARN_UNREACHABLE_CODE = YES;
				CLANG_WARN__DUPLICATE_METHOD_MATCH = YES;
				"CODE_SIGN_IDENTITY[sdk=iphoneos*]" = "iPhone Developer";
				COPY_PHASE_STRIP = NO;
				DEBUG_INFORMATION_FORMAT = dwarf;
				ENABLE_STRICT_OBJC_MSGSEND = YES;
				ENABLE_TESTABILITY = YES;
				GCC_C_LANGUAGE_STANDARD = gnu99;
				GCC_DYNAMIC_NO_PIC = NO;
				GCC_NO_COMMON_BLOCKS = YES;
				GCC_OPTIMIZATION_LEVEL = 0;
				GCC_PREPROCESSOR_DEFINITIONS = (
					"DEBUG=1",
					"$(inherited)",
				);
				GCC_WARN_64_TO_32_BIT_CONVERSION = YES;
				GCC_WARN_ABOUT_RETURN_TYPE = YES_ERROR;
				GCC_WARN_UNDECLARED_SELECTOR = YES;
				GCC_WARN_UNINITIALIZED_AUTOS = YES_AGGRESSIVE;
				GCC_WARN_UNUSED_FUNCTION = YES;
				GCC_WARN_UNUSED_VARIABLE = YES;
				IPHONEOS_DEPLOYMENT_TARGET = 11.0;
				MTL_ENABLE_DEBUG_INFO = YES;
				ONLY_ACTIVE_ARCH = YES;
				SDKROOT = iphoneos;
				SWIFT_ACTIVE_COMPILATION_CONDITIONS = DEBUG;
				SWIFT_OPTIMIZATION_LEVEL = "-Onone";
			};
			name = Debug;
		};
		8D4A744A1F5ADA34008A5C20 /* Release */ = {
			isa = XCBuildConfiguration;
			buildSettings = {
				ALWAYS_SEARCH_USER_PATHS = NO;
				CLANG_ANALYZER_NONNULL = YES;
				CLANG_ANALYZER_NUMBER_OBJECT_CONVERSION = YES_AGGRESSIVE;
				CLANG_CXX_LANGUAGE_STANDARD = "gnu++0x";
				CLANG_CXX_LIBRARY = "libc++";
				CLANG_ENABLE_MODULES = YES;
				CLANG_ENABLE_OBJC_ARC = YES;
				CLANG_WARN_BLOCK_CAPTURE_AUTORELEASING = YES;
				CLANG_WARN_BOOL_CONVERSION = YES;
				CLANG_WARN_COMMA = YES;
				CLANG_WARN_CONSTANT_CONVERSION = YES;
				CLANG_WARN_DIRECT_OBJC_ISA_USAGE = YES_ERROR;
				CLANG_WARN_DOCUMENTATION_COMMENTS = YES;
				CLANG_WARN_EMPTY_BODY = YES;
				CLANG_WARN_ENUM_CONVERSION = YES;
				CLANG_WARN_INFINITE_RECURSION = YES;
				CLANG_WARN_INT_CONVERSION = YES;
				CLANG_WARN_NON_LITERAL_NULL_CONVERSION = YES;
				CLANG_WARN_OBJC_LITERAL_CONVERSION = YES;
				CLANG_WARN_OBJC_ROOT_CLASS = YES_ERROR;
				CLANG_WARN_RANGE_LOOP_ANALYSIS = YES;
				CLANG_WARN_STRICT_PROTOTYPES = YES;
				CLANG_WARN_SUSPICIOUS_MOVE = YES;
				CLANG_WARN_UNREACHABLE_CODE = YES;
				CLANG_WARN__DUPLICATE_METHOD_MATCH = YES;
				"CODE_SIGN_IDENTITY[sdk=iphoneos*]" = "iPhone Developer";
				COPY_PHASE_STRIP = NO;
				DEBUG_INFORMATION_FORMAT = "dwarf-with-dsym";
				ENABLE_NS_ASSERTIONS = NO;
				ENABLE_STRICT_OBJC_MSGSEND = YES;
				GCC_C_LANGUAGE_STANDARD = gnu99;
				GCC_NO_COMMON_BLOCKS = YES;
				GCC_WARN_64_TO_32_BIT_CONVERSION = YES;
				GCC_WARN_ABOUT_RETURN_TYPE = YES_ERROR;
				GCC_WARN_UNDECLARED_SELECTOR = YES;
				GCC_WARN_UNINITIALIZED_AUTOS = YES_AGGRESSIVE;
				GCC_WARN_UNUSED_FUNCTION = YES;
				GCC_WARN_UNUSED_VARIABLE = YES;
				IPHONEOS_DEPLOYMENT_TARGET = 11.0;
				MTL_ENABLE_DEBUG_INFO = NO;
				SDKROOT = iphoneos;
				SWIFT_OPTIMIZATION_LEVEL = "-Owholemodule";
				VALIDATE_PRODUCT = YES;
			};
			name = Release;
		};
		8D4A744C1F5ADA34008A5C20 /* Debug */ = {
			isa = XCBuildConfiguration;
			baseConfigurationReference = DEF4D35464576DDFDB3E3E60 /* Pods-MAN_Tutors_iOS.debug.xcconfig */;
			buildSettings = {
				ASSETCATALOG_COMPILER_APPICON_NAME = AppIcon;
				CODE_SIGN_ENTITLEMENTS = MAN_Tutors_iOS/MAN_Tutors_iOS.entitlements;
				DEVELOPMENT_TEAM = 4JLUJ8SU2K;
				INFOPLIST_FILE = MAN_Tutors_iOS/Info.plist;
				LD_RUNPATH_SEARCH_PATHS = "$(inherited) @executable_path/Frameworks";
				PRODUCT_BUNDLE_IDENTIFIER = "dk.skelegon.Tutors-iOS";
				PRODUCT_NAME = "$(TARGET_NAME)";
				SWIFT_SWIFT3_OBJC_INFERENCE = On;
				SWIFT_VERSION = 4.0;
			};
			name = Debug;
		};
		8D4A744D1F5ADA34008A5C20 /* Release */ = {
			isa = XCBuildConfiguration;
			baseConfigurationReference = 5541D9017CF12A90316059D6 /* Pods-MAN_Tutors_iOS.release.xcconfig */;
			buildSettings = {
				ASSETCATALOG_COMPILER_APPICON_NAME = AppIcon;
				CODE_SIGN_ENTITLEMENTS = MAN_Tutors_iOS/MAN_Tutors_iOS.entitlements;
				DEVELOPMENT_TEAM = 4JLUJ8SU2K;
				INFOPLIST_FILE = MAN_Tutors_iOS/Info.plist;
				LD_RUNPATH_SEARCH_PATHS = "$(inherited) @executable_path/Frameworks";
				PRODUCT_BUNDLE_IDENTIFIER = "dk.skelegon.Tutors-iOS";
				PRODUCT_NAME = "$(TARGET_NAME)";
				SWIFT_SWIFT3_OBJC_INFERENCE = On;
				SWIFT_VERSION = 4.0;
			};
			name = Release;
		};
/* End XCBuildConfiguration section */

/* Begin XCConfigurationList section */
		8D4A74321F5ADA34008A5C20 /* Build configuration list for PBXProject "MAN_Tutors_iOS" */ = {
			isa = XCConfigurationList;
			buildConfigurations = (
				8D4A74491F5ADA34008A5C20 /* Debug */,
				8D4A744A1F5ADA34008A5C20 /* Release */,
			);
			defaultConfigurationIsVisible = 0;
			defaultConfigurationName = Release;
		};
		8D4A744B1F5ADA34008A5C20 /* Build configuration list for PBXNativeTarget "MAN_Tutors_iOS" */ = {
			isa = XCConfigurationList;
			buildConfigurations = (
				8D4A744C1F5ADA34008A5C20 /* Debug */,
				8D4A744D1F5ADA34008A5C20 /* Release */,
			);
			defaultConfigurationIsVisible = 0;
			defaultConfigurationName = Release;
		};
/* End XCConfigurationList section */
	};
	rootObject = 8D4A742F1F5ADA34008A5C20 /* Project object */;
}
